// !$*UTF8*$!
{ archiveVersion = 1; classes = {}; objectVersion = 56; objects = {
ECA5347A29DAE2C209743C75 = {isa = PBXFileReference; lastKnownFileType = "sourcecode.swift"; path = "App/AppStore.swift"; sourceTree = SOURCE_ROOT;};
6EAD86358CEBDABABC8D8984 = {isa = PBXBuildFile; fileRef = ECA5347A29DAE2C209743C75;};
50865DAD8F79CFB4321C5B77 = {isa = PBXFileReference; lastKnownFileType = "sourcecode.swift"; path = "App/BoardViews.swift"; sourceTree = SOURCE_ROOT;};
4A6A0EC9798C549C3AF19484 = {isa = PBXBuildFile; fileRef = 50865DAD8F79CFB4321C5B77;};
0C2E728A14E9332AE3A2168A = {isa = PBXFileReference; lastKnownFileType = "text.plist.entitlements"; path = "App/Briareus-CarPlay.entitlements"; sourceTree = SOURCE_ROOT;};
436DB53090811A6B8002EAB9 = {isa = PBXFileReference; lastKnownFileType = "text.plist.entitlements"; path = "App/Briareus-macOS.entitlements"; sourceTree = SOURCE_ROOT;};
0CBA4E83E05178C1AAA168E0 = {isa = PBXFileReference; lastKnownFileType = "sourcecode.swift"; path = "App/BriareusApp.swift"; sourceTree = SOURCE_ROOT;};
2B51E6508031477F65CBA677 = {isa = PBXBuildFile; fileRef = 0CBA4E83E05178C1AAA168E0;};
AD69A9CD92B9863F1663581F = {isa = PBXFileReference; lastKnownFileType = "sourcecode.swift"; path = "App/CarDictation.swift"; sourceTree = SOURCE_ROOT;};
C3B954274D6E48659F9D6BE2 = {isa = PBXBuildFile; fileRef = AD69A9CD92B9863F1663581F;};
22A18C3E88368AE06F19B732 = {isa = PBXFileReference; lastKnownFileType = "sourcecode.swift"; path = "App/CarMenus.swift"; sourceTree = SOURCE_ROOT;};
99D0BAB16BE0CF14BD1C4EB1 = {isa = PBXBuildFile; fileRef = 22A18C3E88368AE06F19B732;};
C5FB178CEEB0CBED2B8BF3E2 = {isa = PBXFileReference; lastKnownFileType = "sourcecode.swift"; path = "App/CarPlayScene.swift"; sourceTree = SOURCE_ROOT;};
F1924C8729C3C910EC24FF8D = {isa = PBXBuildFile; fileRef = C5FB178CEEB0CBED2B8BF3E2;};
9C0953A02C87FA23380568A8 = {isa = PBXFileReference; lastKnownFileType = "sourcecode.swift"; path = "App/ConversationView.swift"; sourceTree = SOURCE_ROOT;};
D7CCA718DAD1EA8D1C2D4878 = {isa = PBXBuildFile; fileRef = 9C0953A02C87FA23380568A8;};
513E834BAE1DFACC788E65AE = {isa = PBXFileReference; lastKnownFileType = "sourcecode.swift"; path = "App/FindingsTriageCard.swift"; sourceTree = SOURCE_ROOT;};
9616F64785553F03DB8B9DFB = {isa = PBXBuildFile; fileRef = 513E834BAE1DFACC788E65AE;};
20BFF1A258DCDEAFB809B0C1 = {isa = PBXFileReference; lastKnownFileType = "sourcecode.swift"; path = "App/FindingsView.swift"; sourceTree = SOURCE_ROOT;};
E950EB05F76B21FAB1FEC91A = {isa = PBXBuildFile; fileRef = 20BFF1A258DCDEAFB809B0C1;};
AE25B880993B6858C63131D8 = {isa = PBXFileReference; lastKnownFileType = "text.plist.xml"; path = "App/Info-macOS.plist"; sourceTree = SOURCE_ROOT;};
A2CDD2B51B9CC7AF9D7B2D55 = {isa = PBXFileReference; lastKnownFileType = "text.plist.xml"; path = "App/Info.plist"; sourceTree = SOURCE_ROOT;};
EC4D5E496768972CF3D163AF = {isa = PBXFileReference; lastKnownFileType = "sourcecode.swift"; path = "App/Keychain.swift"; sourceTree = SOURCE_ROOT;};
6669D82276C0AD8890F11852 = {isa = PBXBuildFile; fileRef = EC4D5E496768972CF3D163AF;};
EB078E2ECF7238D992D29749 = {isa = PBXFileReference; lastKnownFileType = "sourcecode.swift"; path = "App/Platform.swift"; sourceTree = SOURCE_ROOT;};
F1E02D7048290481CA4F915B = {isa = PBXBuildFile; fileRef = EB078E2ECF7238D992D29749;};
CFE0EB6E4BB63A7D0998194B = {isa = PBXFileReference; lastKnownFileType = "text.xml"; path = "App/PrivacyInfo.xcprivacy"; sourceTree = SOURCE_ROOT;};
F393B25561589E45A7A55E69 = {isa = PBXBuildFile; fileRef = CFE0EB6E4BB63A7D0998194B;};
A3C262EEF6DEBB4A7881E123 = {isa = PBXFileReference; lastKnownFileType = "sourcecode.swift"; path = "App/ProjectFeed.swift"; sourceTree = SOURCE_ROOT;};
DB44D8528EDDAD360EE0D91C = {isa = PBXBuildFile; fileRef = A3C262EEF6DEBB4A7881E123;};
DA1C448A6F43091222C06176 = {isa = PBXFileReference; lastKnownFileType = "sourcecode.swift"; path = "App/ProjectsView.swift"; sourceTree = SOURCE_ROOT;};
D3E13E240CDC98EBDAE58B99 = {isa = PBXBuildFile; fileRef = DA1C448A6F43091222C06176;};
5BE6CB0E6038944A8F26AD30 = {isa = PBXFileReference; lastKnownFileType = "sourcecode.swift"; path = "App/PullFilesView.swift"; sourceTree = SOURCE_ROOT;};
20DF96B070B7B9363F4977DB = {isa = PBXBuildFile; fileRef = 5BE6CB0E6038944A8F26AD30;};
3A51973C02C447E6A4A58D75 = {isa = PBXFileReference; lastKnownFileType = "sourcecode.swift"; path = "App/PullsView.swift"; sourceTree = SOURCE_ROOT;};
AC2E9DFC9704AED57AD2AC32 = {isa = PBXBuildFile; fileRef = 3A51973C02C447E6A4A58D75;};
B47186EA2DCA5EBF3BF10F0F = {isa = PBXFileReference; lastKnownFileType = "sourcecode.swift"; path = "App/SplitLayout.swift"; sourceTree = SOURCE_ROOT;};
2F51F3C7EDF9E2012723E4F3 = {isa = PBXBuildFile; fileRef = B47186EA2DCA5EBF3BF10F0F;};
75977628ED8743B860B66DA4 = {isa = PBXFileReference; lastKnownFileType = "sourcecode.swift"; path = "App/Theme.swift"; sourceTree = SOURCE_ROOT;};
5B8749248E5ACF60B398825F = {isa = PBXBuildFile; fileRef = 75977628ED8743B860B66DA4;};
33633D7EDC9237BCC6D57F57 = {isa = PBXFileReference; lastKnownFileType = "sourcecode.swift"; path = "App/VoiceNote.swift"; sourceTree = SOURCE_ROOT;};
95B7B45C55EF390ED2388987 = {isa = PBXBuildFile; fileRef = 33633D7EDC9237BCC6D57F57;};
E0C46FC9C6960273B8657C66 = {isa = PBXFileReference; lastKnownFileType = folder.assetcatalog; path = "App/Assets.xcassets"; sourceTree = SOURCE_ROOT;};
168227E37D04E2910FDCA52B = {isa = PBXBuildFile; fileRef = E0C46FC9C6960273B8657C66;};
FC4A695F02A8A53A129DCB9A = {isa = PBXGroup; children = (ECA5347A29DAE2C209743C75,50865DAD8F79CFB4321C5B77,0C2E728A14E9332AE3A2168A,436DB53090811A6B8002EAB9,0CBA4E83E05178C1AAA168E0,AD69A9CD92B9863F1663581F,22A18C3E88368AE06F19B732,C5FB178CEEB0CBED2B8BF3E2,9C0953A02C87FA23380568A8,513E834BAE1DFACC788E65AE,20BFF1A258DCDEAFB809B0C1,AE25B880993B6858C63131D8,A2CDD2B51B9CC7AF9D7B2D55,EC4D5E496768972CF3D163AF,EB078E2ECF7238D992D29749,CFE0EB6E4BB63A7D0998194B,A3C262EEF6DEBB4A7881E123,DA1C448A6F43091222C06176,5BE6CB0E6038944A8F26AD30,3A51973C02C447E6A4A58D75,B47186EA2DCA5EBF3BF10F0F,75977628ED8743B860B66DA4,33633D7EDC9237BCC6D57F57,E0C46FC9C6960273B8657C66,); name = "App"; sourceTree = "<group>";};
8676447BECB46AA1E6ED11DA = {isa = PBXFileReference; lastKnownFileType = "sourcecode.swift"; path = "Core/APIClient.swift"; sourceTree = SOURCE_ROOT;};
C7DEE60886A2DB0ADCB0216A = {isa = PBXBuildFile; fileRef = 8676447BECB46AA1E6ED11DA;};
01F285D2D5759668B3531323 = {isa = PBXFileReference; lastKnownFileType = "sourcecode.swift"; path = "Core/Board.swift"; sourceTree = SOURCE_ROOT;};
A76BE86431D9E765E0A49AE8 = {isa = PBXBuildFile; fileRef = 01F285D2D5759668B3531323;};
0969B58FBA65C906E680C259 = {isa = PBXFileReference; lastKnownFileType = "sourcecode.swift"; path = "Core/Cache.swift"; sourceTree = SOURCE_ROOT;};
1E7453957716F128EF05D079 = {isa = PBXBuildFile; fileRef = 0969B58FBA65C906E680C259;};
AA6600893B6936FA06D90ADC = {isa = PBXFileReference; lastKnownFileType = "sourcecode.swift"; path = "Core/CarText.swift"; sourceTree = SOURCE_ROOT;};
B375743C0272B29BE43130BD = {isa = PBXBuildFile; fileRef = AA6600893B6936FA06D90ADC;};
BA0847D5F7EEB62FC88AE7A3 = {isa = PBXFileReference; lastKnownFileType = "sourcecode.swift"; path = "Core/Diff.swift"; sourceTree = SOURCE_ROOT;};
2CAE587A4704CF14302D4F35 = {isa = PBXBuildFile; fileRef = BA0847D5F7EEB62FC88AE7A3;};
4F82713D2CC8CB606D718ED2 = {isa = PBXFileReference; lastKnownFileType = "sourcecode.swift"; path = "Core/Markdown.swift"; sourceTree = SOURCE_ROOT;};
853532FAAB1672CF24E2737D = {isa = PBXBuildFile; fileRef = 4F82713D2CC8CB606D718ED2;};
794CDC2D1145E96C6B308B68 = {isa = PBXFileReference; lastKnownFileType = "sourcecode.swift"; path = "Core/Models.swift"; sourceTree = SOURCE_ROOT;};
E015E5CDC9677EF88A240670 = {isa = PBXBuildFile; fileRef = 794CDC2D1145E96C6B308B68;};
68836C550EE20FAE0E06B299 = {isa = PBXGroup; children = (8676447BECB46AA1E6ED11DA,01F285D2D5759668B3531323,0969B58FBA65C906E680C259,AA6600893B6936FA06D90ADC,BA0847D5F7EEB62FC88AE7A3,4F82713D2CC8CB606D718ED2,794CDC2D1145E96C6B308B68,); name = "Core"; sourceTree = "<group>";};
9BF969DB2F2A47868B677517 = {isa = PBXFileReference; lastKnownFileType = "sourcecode.swift"; path = "UITests/PairingTests.swift"; sourceTree = SOURCE_ROOT;};
87E08AD776435B6EEFC01FBA = {isa = PBXBuildFile; fileRef = 9BF969DB2F2A47868B677517;};
8D5093D2C263EEDEAE2010BE = {isa = PBXGroup; children = (9BF969DB2F2A47868B677517,); name = "UITests"; sourceTree = "<group>";};
8C67BEE8C167483A8B7A0499 = {isa = PBXFileReference; lastKnownFileType = "sourcecode.swift"; path = "Mac/App/Board/BoardKit.swift"; sourceTree = SOURCE_ROOT;};
5F239CCC51598EFE835FBD8B = {isa = PBXBuildFile; fileRef = 8C67BEE8C167483A8B7A0499;};
68968EDC54B2162E2C529929 = {isa = PBXFileReference; lastKnownFileType = "sourcecode.swift"; path = "Mac/App/Board/BoardScreen.swift"; sourceTree = SOURCE_ROOT;};
BDA367C6A9DD1BF571A9B27C = {isa = PBXBuildFile; fileRef = 68968EDC54B2162E2C529929;};
4DDF5CBBFC10E0310F75C32D = {isa = PBXFileReference; lastKnownFileType = "sourcecode.swift"; path = "Mac/App/Board/IssueScreen.swift"; sourceTree = SOURCE_ROOT;};
13BF32B96FDCEABAADBFE870 = {isa = PBXBuildFile; fileRef = 4DDF5CBBFC10E0310F75C32D;};
F8F452C86EAE405725438EF4 = {isa = PBXFileReference; lastKnownFileType = "sourcecode.swift"; path = "Mac/App/Board/PullFilesScreen.swift"; sourceTree = SOURCE_ROOT;};
18BC6DFC8E71FF992324F1B7 = {isa = PBXBuildFile; fileRef = F8F452C86EAE405725438EF4;};
CAE8B96E911B37124DD53422 = {isa = PBXFileReference; lastKnownFileType = "sourcecode.swift"; path = "Mac/App/Board/PullModel.swift"; sourceTree = SOURCE_ROOT;};
8EA9482C1AA5A51703A0FB65 = {isa = PBXBuildFile; fileRef = CAE8B96E911B37124DD53422;};
E85E308576CDB78428829286 = {isa = PBXFileReference; lastKnownFileType = "sourcecode.swift"; path = "Mac/App/Board/PullScreen.swift"; sourceTree = SOURCE_ROOT;};
A4FD98765654E5D2738877AD = {isa = PBXBuildFile; fileRef = E85E308576CDB78428829286;};
99983DE2025D1D20B40B850E = {isa = PBXFileReference; lastKnownFileType = "sourcecode.swift"; path = "Mac/App/Board/RemoteHooks.swift"; sourceTree = SOURCE_ROOT;};
1847352401B8BC76F247C6C3 = {isa = PBXBuildFile; fileRef = 99983DE2025D1D20B40B850E;};
492C5B62B2E2F1D460A99B41 = {isa = PBXFileReference; lastKnownFileType = "sourcecode.swift"; path = "Mac/App/BriareusApp.swift"; sourceTree = SOURCE_ROOT;};
11BF29B5A272E5DA6F5CED4A = {isa = PBXBuildFile; fileRef = 492C5B62B2E2F1D460A99B41;};
F4592D50C74678B7EF65ABB6 = {isa = PBXFileReference; lastKnownFileType = "sourcecode.swift"; path = "Mac/App/Components.swift"; sourceTree = SOURCE_ROOT;};
ADBD95BF8EC687AECEB722E6 = {isa = PBXBuildFile; fileRef = F4592D50C74678B7EF65ABB6;};
EE05C04C66BED5EB07A3A1EF = {isa = PBXFileReference; lastKnownFileType = "sourcecode.swift"; path = "Mac/App/Conversation/Attachments.swift"; sourceTree = SOURCE_ROOT;};
4C9DDE2D4D39AD7F5A6E41D8 = {isa = PBXBuildFile; fileRef = EE05C04C66BED5EB07A3A1EF;};
180C32C5B767184DA62AFC91 = {isa = PBXFileReference; lastKnownFileType = "sourcecode.swift"; path = "Mac/App/Conversation/Composer.swift"; sourceTree = SOURCE_ROOT;};
D6616D2EC9E2406CE3AC2FFE = {isa = PBXBuildFile; fileRef = 180C32C5B767184DA62AFC91;};
0EBA64786B9D9AE582EDA532 = {isa = PBXFileReference; lastKnownFileType = "sourcecode.swift"; path = "Mac/App/Conversation/ConversationScreen.swift"; sourceTree = SOURCE_ROOT;};
883EC5FAEA6A496BA489068A = {isa = PBXBuildFile; fileRef = 0EBA64786B9D9AE582EDA532;};
8C455FEBC124C31E41D0A70A = {isa = PBXFileReference; lastKnownFileType = "sourcecode.swift"; path = "Mac/App/Conversation/ConversationTranscript.swift"; sourceTree = SOURCE_ROOT;};
8FC54FA12B5E40AE1F20EE28 = {isa = PBXBuildFile; fileRef = 8C455FEBC124C31E41D0A70A;};
A4FBAA7796B6459512EBF94A = {isa = PBXFileReference; lastKnownFileType = "sourcecode.swift"; path = "Mac/App/Conversation/SessionPanel.swift"; sourceTree = SOURCE_ROOT;};
9E1E482EC230CAE42C7080B9 = {isa = PBXBuildFile; fileRef = A4FBAA7796B6459512EBF94A;};
F2DFBA3AC4D379208F4B8BC4 = {isa = PBXFileReference; lastKnownFileType = "sourcecode.swift"; path = "Mac/App/Conversation/VoiceNote.swift"; sourceTree = SOURCE_ROOT;};
A960B7900E36FEE986826D8A = {isa = PBXBuildFile; fileRef = F2DFBA3AC4D379208F4B8BC4;};
D69DD96BEA90D039D633F5B1 = {isa = PBXFileReference; lastKnownFileType = "sourcecode.swift"; path = "Mac/App/Dialogs.swift"; sourceTree = SOURCE_ROOT;};
E9B487F818811AF3C040E14A = {isa = PBXBuildFile; fileRef = D69DD96BEA90D039D633F5B1;};
72B5EE6C932795A4DAC9492D = {isa = PBXFileReference; lastKnownFileType = "sourcecode.swift"; path = "Mac/App/Findings/DashboardScreen.swift"; sourceTree = SOURCE_ROOT;};
AB4532540A468A146E063522 = {isa = PBXBuildFile; fileRef = 72B5EE6C932795A4DAC9492D;};
13F17759083763DA65C83CC0 = {isa = PBXFileReference; lastKnownFileType = "sourcecode.swift"; path = "Mac/App/Findings/FindingsScreen.swift"; sourceTree = SOURCE_ROOT;};
29227A9035B2B99017786B96 = {isa = PBXBuildFile; fileRef = 13F17759083763DA65C83CC0;};
2F8574228719E8FABBE86B99 = {isa = PBXFileReference; lastKnownFileType = "sourcecode.swift"; path = "Mac/App/Findings/Pieces.swift"; sourceTree = SOURCE_ROOT;};
22F907174BD08F7983FCB042 = {isa = PBXBuildFile; fileRef = 2F8574228719E8FABBE86B99;};
5F3301F7FC5B3D7689EC50F7 = {isa = PBXFileReference; lastKnownFileType = "sourcecode.swift"; path = "Mac/App/Keychain.swift"; sourceTree = SOURCE_ROOT;};
0C92FC9934C6CC6EC9F55E9D = {isa = PBXBuildFile; fileRef = 5F3301F7FC5B3D7689EC50F7;};
2138680138BD4A59DD8DB906 = {isa = PBXFileReference; lastKnownFileType = "sourcecode.swift"; path = "Mac/App/Navigation.swift"; sourceTree = SOURCE_ROOT;};
896BD3DC2A2A5284325FF5ED = {isa = PBXBuildFile; fileRef = 2138680138BD4A59DD8DB906;};
769E20B23BF5C4500B38F1E9 = {isa = PBXFileReference; lastKnownFileType = "sourcecode.swift"; path = "Mac/App/Remote/Askpass.swift"; sourceTree = SOURCE_ROOT;};
99C21744422D6E290F592A70 = {isa = PBXBuildFile; fileRef = 769E20B23BF5C4500B38F1E9;};
2147DDA95B48D0147826FA3F = {isa = PBXFileReference; lastKnownFileType = "sourcecode.swift"; path = "Mac/App/Remote/ChildProcess.swift"; sourceTree = SOURCE_ROOT;};
A3CF1B073C643726A536351A = {isa = PBXBuildFile; fileRef = 2147DDA95B48D0147826FA3F;};
B81B5CAA5EDF7276D90A26AC = {isa = PBXFileReference; lastKnownFileType = "sourcecode.swift"; path = "Mac/App/Remote/ProjectSFTPTab.swift"; sourceTree = SOURCE_ROOT;};
8A7140FACA13CA91EE54B61C = {isa = PBXBuildFile; fileRef = B81B5CAA5EDF7276D90A26AC;};
B57675D8FCBF701208EF2626 = {isa = PBXFileReference; lastKnownFileType = "sourcecode.swift"; path = "Mac/App/Remote/ProjectSSHTab.swift"; sourceTree = SOURCE_ROOT;};
36BE0D77C4DCD7791BDAF9AC = {isa = PBXBuildFile; fileRef = B57675D8FCBF701208EF2626;};
547EA00D8C23CAB57AFED990 = {isa = PBXFileReference; lastKnownFileType = "sourcecode.swift"; path = "Mac/App/Remote/RemoteShared.swift"; sourceTree = SOURCE_ROOT;};
365E0EB1107633D341CDF596 = {isa = PBXBuildFile; fileRef = 547EA00D8C23CAB57AFED990;};
F5D4C637EA54A61DB55CA007 = {isa = PBXFileReference; lastKnownFileType = "sourcecode.swift"; path = "Mac/App/Remote/SFTPSession.swift"; sourceTree = SOURCE_ROOT;};
9EF84EFDFF5CBBF4D6D51504 = {isa = PBXBuildFile; fileRef = F5D4C637EA54A61DB55CA007;};
86372603E7932B86F0F65961 = {isa = PBXFileReference; lastKnownFileType = "sourcecode.swift"; path = "Mac/App/Remote/TerminalCanvas.swift"; sourceTree = SOURCE_ROOT;};
9828E4BD38F2099156959061 = {isa = PBXBuildFile; fileRef = 86372603E7932B86F0F65961;};
574C75B62889DC5D715A5F36 = {isa = PBXFileReference; lastKnownFileType = "sourcecode.swift"; path = "Mac/App/Remote/TerminalSession.swift"; sourceTree = SOURCE_ROOT;};
2B1DAAFE69AB20AA026D73C4 = {isa = PBXBuildFile; fileRef = 574C75B62889DC5D715A5F36;};
A86961D347BA6FCC0EDEB073 = {isa = PBXFileReference; lastKnownFileType = "sourcecode.swift"; path = "Mac/App/Settings/DBServerSettingsScreen.swift"; sourceTree = SOURCE_ROOT;};
DF627B8AC3A254551B90A3F3 = {isa = PBXBuildFile; fileRef = A86961D347BA6FCC0EDEB073;};
5234EF84A0C28A0ACF87DEE5 = {isa = PBXFileReference; lastKnownFileType = "sourcecode.swift"; path = "Mac/App/Settings/DevicesScreen.swift"; sourceTree = SOURCE_ROOT;};
1D28566F47C08D772CE9B93E = {isa = PBXBuildFile; fileRef = 5234EF84A0C28A0ACF87DEE5;};
AD3462CF269495851E4CECCE = {isa = PBXFileReference; lastKnownFileType = "sourcecode.swift"; path = "Mac/App/Settings/ProjectSettingsScreen.swift"; sourceTree = SOURCE_ROOT;};
84F00AE976C2DD35D755E749 = {isa = PBXBuildFile; fileRef = AD3462CF269495851E4CECCE;};
109830D576A6DC4EBBDD420B = {isa = PBXFileReference; lastKnownFileType = "sourcecode.swift"; path = "Mac/App/Settings/ProviderSettingsScreen.swift"; sourceTree = SOURCE_ROOT;};
E193B6B56F968BCB83D924F0 = {isa = PBXBuildFile; fileRef = 109830D576A6DC4EBBDD420B;};
3E2AB16BFA8132E21B9DCFB6 = {isa = PBXFileReference; lastKnownFileType = "sourcecode.swift"; path = "Mac/App/Settings/SSHServerSettingsScreen.swift"; sourceTree = SOURCE_ROOT;};
43E29B094AECE39EE2DDCC42 = {isa = PBXBuildFile; fileRef = 3E2AB16BFA8132E21B9DCFB6;};
A007FD0518C66B2AF4DB18CB = {isa = PBXFileReference; lastKnownFileType = "sourcecode.swift"; path = "Mac/App/Settings/SettingsKit.swift"; sourceTree = SOURCE_ROOT;};
A4BCE2CD327887EC0D25B276 = {isa = PBXBuildFile; fileRef = A007FD0518C66B2AF4DB18CB;};
04EDFC75E0FF4FEF483E92EA = {isa = PBXFileReference; lastKnownFileType = "sourcecode.swift"; path = "Mac/App/Settings/SettingsSidebar.swift"; sourceTree = SOURCE_ROOT;};
32BEF2FD5FD6BAADD1DFE21D = {isa = PBXBuildFile; fileRef = 04EDFC75E0FF4FEF483E92EA;};
8D0C921578F9A9A0AB3DC09C = {isa = PBXFileReference; lastKnownFileType = "sourcecode.swift"; path = "Mac/App/Shared/Events.swift"; sourceTree = SOURCE_ROOT;};
6B0E6D86C5981ACD4F67ED9E = {isa = PBXBuildFile; fileRef = 8D0C921578F9A9A0AB3DC09C;};
1C1CDB6936A63B8BF9468079 = {isa = PBXFileReference; lastKnownFileType = "sourcecode.swift"; path = "Mac/App/Shared/MarkdownView.swift"; sourceTree = SOURCE_ROOT;};
9204B07ECE6C74B728235EFA = {isa = PBXBuildFile; fileRef = 1C1CDB6936A63B8BF9468079;};
99A4986F7DB909BC44F2611F = {isa = PBXFileReference; lastKnownFileType = "sourcecode.swift"; path = "Mac/App/Shared/ProjectsModel.swift"; sourceTree = SOURCE_ROOT;};
243A63DB95F4ABC3A516A704 = {isa = PBXBuildFile; fileRef = 99A4986F7DB909BC44F2611F;};
932C8FC3DEA0D58CDA41D46A = {isa = PBXFileReference; lastKnownFileType = "sourcecode.swift"; path = "Mac/App/Shared/Rows.swift"; sourceTree = SOURCE_ROOT;};
9876CACC9274D23079320869 = {isa = PBXBuildFile; fileRef = 932C8FC3DEA0D58CDA41D46A;};
423B36613F594F4CBB5BF0D7 = {isa = PBXFileReference; lastKnownFileType = "sourcecode.swift"; path = "Mac/App/Shared/WebView.swift"; sourceTree = SOURCE_ROOT;};
D766D0581ECD32E30C9E894F = {isa = PBXBuildFile; fileRef = 423B36613F594F4CBB5BF0D7;};
323027190E1A79804A2F48F5 = {isa = PBXFileReference; lastKnownFileType = "sourcecode.swift"; path = "Mac/App/Sidebar/Media.swift"; sourceTree = SOURCE_ROOT;};
7CBA75378760B94E663D53CB = {isa = PBXBuildFile; fileRef = 323027190E1A79804A2F48F5;};
75CBEC110FE40312FDFD0B88 = {isa = PBXFileReference; lastKnownFileType = "sourcecode.swift"; path = "Mac/App/Sidebar/NewSessionScreen.swift"; sourceTree = SOURCE_ROOT;};
E180BF90A316A44E7A60AC94 = {isa = PBXBuildFile; fileRef = 75CBEC110FE40312FDFD0B88;};
D9D4893FF2EA581902D82F9C = {isa = PBXFileReference; lastKnownFileType = "sourcecode.swift"; path = "Mac/App/Sidebar/PairingScreen.swift"; sourceTree = SOURCE_ROOT;};
694E81B9C4831A353E52456C = {isa = PBXBuildFile; fileRef = D9D4893FF2EA581902D82F9C;};
43097F95DD66BA36CA90835F = {isa = PBXFileReference; lastKnownFileType = "sourcecode.swift"; path = "Mac/App/Sidebar/PlaceholderScreen.swift"; sourceTree = SOURCE_ROOT;};
660006676A5A28653015FFF8 = {isa = PBXBuildFile; fileRef = 43097F95DD66BA36CA90835F;};
327D150A3748AF7A8F3BD0CB = {isa = PBXFileReference; lastKnownFileType = "sourcecode.swift"; path = "Mac/App/Sidebar/ProjectsSidebar.swift"; sourceTree = SOURCE_ROOT;};
6F89CA09EAABFCA7ABEEF823 = {isa = PBXBuildFile; fileRef = 327D150A3748AF7A8F3BD0CB;};
3F0BDADCD7849D48A2B1BF4F = {isa = PBXFileReference; lastKnownFileType = "sourcecode.swift"; path = "Mac/App/Sidebar/SidebarFooter.swift"; sourceTree = SOURCE_ROOT;};
BCC71EFC7B7FCF8F895FDE8D = {isa = PBXBuildFile; fileRef = 3F0BDADCD7849D48A2B1BF4F;};
3F1B2C05DF7A2ECC32A4E8CB = {isa = PBXFileReference; lastKnownFileType = "sourcecode.swift"; path = "Mac/App/Sidebar/SidebarRows.swift"; sourceTree = SOURCE_ROOT;};
28CCC60B86A675AB2BA659BA = {isa = PBXBuildFile; fileRef = 3F1B2C05DF7A2ECC32A4E8CB;};
0ED802671245CA66D5EBA9C2 = {isa = PBXFileReference; lastKnownFileType = "sourcecode.swift"; path = "Mac/App/Sidebar/SidebarSessions.swift"; sourceTree = SOURCE_ROOT;};
D2CB644BA42A63F88880E1F8 = {isa = PBXBuildFile; fileRef = 0ED802671245CA66D5EBA9C2;};
768EF25DC7DB591322D3F84E = {isa = PBXFileReference; lastKnownFileType = "sourcecode.swift"; path = "Mac/App/Sidebar/SidebarStrip.swift"; sourceTree = SOURCE_ROOT;};
C203AD1F47E25C42FCE64A7B = {isa = PBXBuildFile; fileRef = 768EF25DC7DB591322D3F84E;};
A86CCB5A7E2BC11CB9F75A9C = {isa = PBXFileReference; lastKnownFileType = "sourcecode.swift"; path = "Mac/App/Sidebar/WebAppScreen.swift"; sourceTree = SOURCE_ROOT;};
8645E0943FD6310F266D53B1 = {isa = PBXBuildFile; fileRef = A86CCB5A7E2BC11CB9F75A9C;};
3B003F128070B37A4A372928 = {isa = PBXFileReference; lastKnownFileType = "sourcecode.swift"; path = "Mac/App/Store.swift"; sourceTree = SOURCE_ROOT;};
8C30D347D40FE502E7A08743 = {isa = PBXBuildFile; fileRef = 3B003F128070B37A4A372928;};
EF3B34F72C3FD7B7730E19D7 = {isa = PBXFileReference; lastKnownFileType = "sourcecode.swift"; path = "Mac/App/Theme.swift"; sourceTree = SOURCE_ROOT;};
C645539ADD84B7C61F94AA79 = {isa = PBXBuildFile; fileRef = EF3B34F72C3FD7B7730E19D7;};
B9B461F583EB77949557ABD5 = {isa = PBXFileReference; lastKnownFileType = "text.plist.entitlements"; path = "Mac/Briareus.entitlements"; sourceTree = SOURCE_ROOT;};
F4BB293BCC77F5C85240135D = {isa = PBXFileReference; lastKnownFileType = "sourcecode.swift"; path = "Mac/Core/API.swift"; sourceTree = SOURCE_ROOT;};
7EE55E592D62AE0AD47FBEC8 = {isa = PBXBuildFile; fileRef = F4BB293BCC77F5C85240135D;};
13A597F105C1661AD73A1322 = {isa = PBXFileReference; lastKnownFileType = "sourcecode.swift"; path = "Mac/Core/Board.swift"; sourceTree = SOURCE_ROOT;};
63CB3F4F767C3E42505703D7 = {isa = PBXBuildFile; fileRef = 13A597F105C1661AD73A1322;};
50600EBA95FCEE9995CFAAC7 = {isa = PBXFileReference; lastKnownFileType = "sourcecode.swift"; path = "Mac/Core/BoardLogic.swift"; sourceTree = SOURCE_ROOT;};
E2A5CAB9A3F5541203A90EEA = {isa = PBXBuildFile; fileRef = 50600EBA95FCEE9995CFAAC7;};
DB4E7DC45C39B725DACF78BA = {isa = PBXFileReference; lastKnownFileType = "sourcecode.swift"; path = "Mac/Core/Cache.swift"; sourceTree = SOURCE_ROOT;};
A480A57A43F08072EF03EA36 = {isa = PBXBuildFile; fileRef = DB4E7DC45C39B725DACF78BA;};
E43B5CEB85B049AA7FD0D0B2 = {isa = PBXFileReference; lastKnownFileType = "sourcecode.swift"; path = "Mac/Core/Connection.swift"; sourceTree = SOURCE_ROOT;};
B6ED2B2875B09690DC1BC93D = {isa = PBXBuildFile; fileRef = E43B5CEB85B049AA7FD0D0B2;};
BBB1C3EF7DF43E5C17BC0701 = {isa = PBXFileReference; lastKnownFileType = "sourcecode.swift"; path = "Mac/Core/ConversationLogic.swift"; sourceTree = SOURCE_ROOT;};
709DF7C2FBE3903759B2E53F = {isa = PBXBuildFile; fileRef = BBB1C3EF7DF43E5C17BC0701;};
C43D5B0698B5895BA4AF14E0 = {isa = PBXFileReference; lastKnownFileType = "sourcecode.swift"; path = "Mac/Core/DashboardLogic.swift"; sourceTree = SOURCE_ROOT;};
CCFBC2538518C5C23A2985EE = {isa = PBXBuildFile; fileRef = C43D5B0698B5895BA4AF14E0;};
2D30CA74702CC8AFBCE6D671 = {isa = PBXFileReference; lastKnownFileType = "sourcecode.swift"; path = "Mac/Core/Diff.swift"; sourceTree = SOURCE_ROOT;};
7573BFED7F1EA3C47C4982C1 = {isa = PBXBuildFile; fileRef = 2D30CA74702CC8AFBCE6D671;};
EF6BEFF4BF99655497A989A5 = {isa = PBXFileReference; lastKnownFileType = "sourcecode.swift"; path = "Mac/Core/FindingsLogic.swift"; sourceTree = SOURCE_ROOT;};
550D208F811913D11A1E31DA = {isa = PBXBuildFile; fileRef = EF6BEFF4BF99655497A989A5;};
42CF250A31873A56DCAAFBEE = {isa = PBXFileReference; lastKnownFileType = "sourcecode.swift"; path = "Mac/Core/Format.swift"; sourceTree = SOURCE_ROOT;};
91D4E7A07BD576E0714A6538 = {isa = PBXBuildFile; fileRef = 42CF250A31873A56DCAAFBEE;};
51BEFF30F8CF67DBB07CABF2 = {isa = PBXFileReference; lastKnownFileType = "sourcecode.swift"; path = "Mac/Core/JSON.swift"; sourceTree = SOURCE_ROOT;};
84EF6DE18D0125C21B0CBA80 = {isa = PBXBuildFile; fileRef = 51BEFF30F8CF67DBB07CABF2;};
04E361D060D7F343CC865A7B = {isa = PBXFileReference; lastKnownFileType = "sourcecode.swift"; path = "Mac/Core/Markdown.swift"; sourceTree = SOURCE_ROOT;};
5B4704415AD544DE7B6E4EE7 = {isa = PBXBuildFile; fileRef = 04E361D060D7F343CC865A7B;};
2D5BC38BE7713D106D36A13B = {isa = PBXFileReference; lastKnownFileType = "sourcecode.swift"; path = "Mac/Core/Models.swift"; sourceTree = SOURCE_ROOT;};
EEA48C4451FC59243BB5791E = {isa = PBXBuildFile; fileRef = 2D5BC38BE7713D106D36A13B;};
2DE9B3933F196E9504E79423 = {isa = PBXFileReference; lastKnownFileType = "sourcecode.swift"; path = "Mac/Core/PullFiles.swift"; sourceTree = SOURCE_ROOT;};
5B1E750E8372797488F5D479 = {isa = PBXBuildFile; fileRef = 2DE9B3933F196E9504E79423;};
89543868212E821FE08CE7BD = {isa = PBXFileReference; lastKnownFileType = "sourcecode.swift"; path = "Mac/Core/RunLog.swift"; sourceTree = SOURCE_ROOT;};
2944DD6754C950119B12AE23 = {isa = PBXBuildFile; fileRef = 89543868212E821FE08CE7BD;};
D91D3A1D9C359C824B172A54 = {isa = PBXFileReference; lastKnownFileType = "sourcecode.swift"; path = "Mac/Core/Runtimes.swift"; sourceTree = SOURCE_ROOT;};
ED7E217BA13DEBE65A118779 = {isa = PBXBuildFile; fileRef = D91D3A1D9C359C824B172A54;};
3D720DFB5CE1D28EED571848 = {isa = PBXFileReference; lastKnownFileType = "sourcecode.swift"; path = "Mac/Core/SFTP.swift"; sourceTree = SOURCE_ROOT;};
D2272AD01C96F6B8A2AFECDB = {isa = PBXBuildFile; fileRef = 3D720DFB5CE1D28EED571848;};
90098C1A300637D02BDFA3BA = {isa = PBXFileReference; lastKnownFileType = "sourcecode.swift"; path = "Mac/Core/SFTPProtocol.swift"; sourceTree = SOURCE_ROOT;};
2562DB66F3E55D1D10A03AA8 = {isa = PBXBuildFile; fileRef = 90098C1A300637D02BDFA3BA;};
25E84543314923C6ADE1990E = {isa = PBXFileReference; lastKnownFileType = "sourcecode.swift"; path = "Mac/Core/SettingsLogic.swift"; sourceTree = SOURCE_ROOT;};
7111D3AABBC9F79793619433 = {isa = PBXBuildFile; fileRef = 25E84543314923C6ADE1990E;};
07B9DC2312BF5166DDF2D227 = {isa = PBXFileReference; lastKnownFileType = "sourcecode.swift"; path = "Mac/Core/TerminalInput.swift"; sourceTree = SOURCE_ROOT;};
5207647628F08CB3C94FFDD0 = {isa = PBXBuildFile; fileRef = 07B9DC2312BF5166DDF2D227;};
9C4281B756C8AA358E10C9F4 = {isa = PBXFileReference; lastKnownFileType = "sourcecode.swift"; path = "Mac/Core/VT.swift"; sourceTree = SOURCE_ROOT;};
153819B980B9664248790E5D = {isa = PBXBuildFile; fileRef = 9C4281B756C8AA358E10C9F4;};
12656D8443B96A871C165E29 = {isa = PBXFileReference; lastKnownFileType = "text.plist.xml"; path = "Mac/Info.plist"; sourceTree = SOURCE_ROOT;};
A02B1BBA67917F22738D2441 = {isa = PBXFileReference; lastKnownFileType = folder.assetcatalog; path = "Mac/Assets.xcassets"; sourceTree = SOURCE_ROOT;};
B419703F733556E2F0430164 = {isa = PBXBuildFile; fileRef = A02B1BBA67917F22738D2441;};
08BCE2D9A3206BF0D7143D86 = {isa = PBXGroup; children = (8C67BEE8C167483A8B7A0499,68968EDC54B2162E2C529929,4DDF5CBBFC10E0310F75C32D,F8F452C86EAE405725438EF4,CAE8B96E911B37124DD53422,E85E308576CDB78428829286,99983DE2025D1D20B40B850E,492C5B62B2E2F1D460A99B41,F4592D50C74678B7EF65ABB6,EE05C04C66BED5EB07A3A1EF,180C32C5B767184DA62AFC91,0EBA64786B9D9AE582EDA532,8C455FEBC124C31E41D0A70A,A4FBAA7796B6459512EBF94A,F2DFBA3AC4D379208F4B8BC4,D69DD96BEA90D039D633F5B1,72B5EE6C932795A4DAC9492D,13F17759083763DA65C83CC0,2F8574228719E8FABBE86B99,5F3301F7FC5B3D7689EC50F7,2138680138BD4A59DD8DB906,769E20B23BF5C4500B38F1E9,2147DDA95B48D0147826FA3F,B81B5CAA5EDF7276D90A26AC,B57675D8FCBF701208EF2626,547EA00D8C23CAB57AFED990,F5D4C637EA54A61DB55CA007,86372603E7932B86F0F65961,574C75B62889DC5D715A5F36,A86961D347BA6FCC0EDEB073,5234EF84A0C28A0ACF87DEE5,AD3462CF269495851E4CECCE,109830D576A6DC4EBBDD420B,3E2AB16BFA8132E21B9DCFB6,A007FD0518C66B2AF4DB18CB,04EDFC75E0FF4FEF483E92EA,8D0C921578F9A9A0AB3DC09C,1C1CDB6936A63B8BF9468079,99A4986F7DB909BC44F2611F,932C8FC3DEA0D58CDA41D46A,423B36613F594F4CBB5BF0D7,323027190E1A79804A2F48F5,75CBEC110FE40312FDFD0B88,D9D4893FF2EA581902D82F9C,43097F95DD66BA36CA90835F,327D150A3748AF7A8F3BD0CB,3F0BDADCD7849D48A2B1BF4F,3F1B2C05DF7A2ECC32A4E8CB,0ED802671245CA66D5EBA9C2,768EF25DC7DB591322D3F84E,A86CCB5A7E2BC11CB9F75A9C,3B003F128070B37A4A372928,EF3B34F72C3FD7B7730E19D7,B9B461F583EB77949557ABD5,F4BB293BCC77F5C85240135D,13A597F105C1661AD73A1322,50600EBA95FCEE9995CFAAC7,DB4E7DC45C39B725DACF78BA,E43B5CEB85B049AA7FD0D0B2,BBB1C3EF7DF43E5C17BC0701,C43D5B0698B5895BA4AF14E0,2D30CA74702CC8AFBCE6D671,EF6BEFF4BF99655497A989A5,42CF250A31873A56DCAAFBEE,51BEFF30F8CF67DBB07CABF2,04E361D060D7F343CC865A7B,2D5BC38BE7713D106D36A13B,2DE9B3933F196E9504E79423,89543868212E821FE08CE7BD,D91D3A1D9C359C824B172A54,3D720DFB5CE1D28EED571848,90098C1A300637D02BDFA3BA,25E84543314923C6ADE1990E,07B9DC2312BF5166DDF2D227,9C4281B756C8AA358E10C9F4,12656D8443B96A871C165E29,A02B1BBA67917F22738D2441,); name = "Mac"; sourceTree = "<group>";};
8BCD5BC4CDFDF0918087C782 = {isa = PBXFileReference; explicitFileType = wrapper.application; path = Briareus.app; sourceTree = BUILT_PRODUCTS_DIR;};
05AF44820469D6A5F714535F = {isa = PBXFileReference; explicitFileType = wrapper.application; path = Briareus.app; sourceTree = BUILT_PRODUCTS_DIR;};
F219C0274590DA45E4BEF1EA = {isa = PBXFileReference; explicitFileType = wrapper.cfbundle; path = BriareusUITests.xctest; sourceTree = BUILT_PRODUCTS_DIR;};
FE0A091FDBFB3E9C31B7A1BD = {isa = PBXGroup; children = (8BCD5BC4CDFDF0918087C782,05AF44820469D6A5F714535F,F219C0274590DA45E4BEF1EA,); name = Products; sourceTree = "<group>";};
B28B7AF69320201D1CF206EB = {isa = PBXGroup; children = (FC4A695F02A8A53A129DCB9A,68836C550EE20FAE0E06B299,08BCE2D9A3206BF0D7143D86,8D5093D2C263EEDEAE2010BE,FE0A091FDBFB3E9C31B7A1BD,); sourceTree = "<group>";};
89E1FD6268CC0F221A2BE178 = {isa = XCBuildConfiguration; buildSettings = {IPHONEOS_DEPLOYMENT_TARGET = "17.0"; MACOSX_DEPLOYMENT_TARGET = "14.0"; SDKROOT = "iphoneos"; SWIFT_VERSION = "5.0"; CLANG_ENABLE_MODULES = "YES"; CLANG_ENABLE_OBJC_ARC = "YES"; ENABLE_USER_SCRIPT_SANDBOXING = "YES"; GCC_C_LANGUAGE_STANDARD = "gnu17"; SWIFT_OPTIMIZATION_LEVEL = "-Onone"; DEBUG_INFORMATION_FORMAT = "dwarf"; ENABLE_TESTABILITY = "YES"; SWIFT_ACTIVE_COMPILATION_CONDITIONS = "DEBUG"; }; name = Debug;};
E6DE6C99132752C914FEF632 = {isa = XCBuildConfiguration; buildSettings = {IPHONEOS_DEPLOYMENT_TARGET = "17.0"; MACOSX_DEPLOYMENT_TARGET = "14.0"; SDKROOT = "iphoneos"; SWIFT_VERSION = "5.0"; CLANG_ENABLE_MODULES = "YES"; CLANG_ENABLE_OBJC_ARC = "YES"; ENABLE_USER_SCRIPT_SANDBOXING = "YES"; GCC_C_LANGUAGE_STANDARD = "gnu17"; SWIFT_OPTIMIZATION_LEVEL = "-O"; DEBUG_INFORMATION_FORMAT = "dwarf-with-dsym"; }; name = Release;};
862894B703A6DEDF96A9DD6C = {isa = XCConfigurationList; buildConfigurations = (89E1FD6268CC0F221A2BE178,E6DE6C99132752C914FEF632,); defaultConfigurationIsVisible = 0; defaultConfigurationName = Release;};
E9B2E96ABC5F6856F2BE79CF = {isa = XCBuildConfiguration; buildSettings = {PRODUCT_BUNDLE_IDENTIFIER = "com.okanetsolutions.briareus"; PRODUCT_NAME = "Briareus"; INFOPLIST_FILE = "App/Info.plist"; TARGETED_DEVICE_FAMILY = "1,2"; SUPPORTED_PLATFORMS = "iphoneos iphonesimulator"; CODE_SIGN_STYLE = "Automatic"; DEVELOPMENT_TEAM = "WG98W262CP"; MARKETING_VERSION = "1.0"; CURRENT_PROJECT_VERSION = "1"; ASSETCATALOG_COMPILER_APPICON_NAME = "AppIcon"; LD_RUNPATH_SEARCH_PATHS = "$(inherited) @executable_path/Frameworks"; SUPPORTS_MACCATALYST = "NO"; SUPPORTS_MAC_DESIGNED_FOR_IPHONE_IPAD = "NO"; "CODE_SIGN_ENTITLEMENTS[sdk=iphonesimulator*]" = "App/Briareus-CarPlay.entitlements"; SWIFT_OPTIMIZATION_LEVEL = "-Onone"; DEBUG_INFORMATION_FORMAT = "dwarf"; ENABLE_TESTABILITY = "YES"; SWIFT_ACTIVE_COMPILATION_CONDITIONS = "DEBUG"; }; name = Debug;};
5A8C91857F674E16E2724F47 = {isa = XCBuildConfiguration; buildSettings = {PRODUCT_BUNDLE_IDENTIFIER = "com.okanetsolutions.briareus"; PRODUCT_NAME = "Briareus"; INFOPLIST_FILE = "App/Info.plist"; TARGETED_DEVICE_FAMILY = "1,2"; SUPPORTED_PLATFORMS = "iphoneos iphonesimulator"; CODE_SIGN_STYLE = "Automatic"; DEVELOPMENT_TEAM = "WG98W262CP"; MARKETING_VERSION = "1.0"; CURRENT_PROJECT_VERSION = "1"; ASSETCATALOG_COMPILER_APPICON_NAME = "AppIcon"; LD_RUNPATH_SEARCH_PATHS = "$(inherited) @executable_path/Frameworks"; SUPPORTS_MACCATALYST = "NO"; SUPPORTS_MAC_DESIGNED_FOR_IPHONE_IPAD = "NO"; "CODE_SIGN_ENTITLEMENTS[sdk=iphonesimulator*]" = "App/Briareus-CarPlay.entitlements"; SWIFT_OPTIMIZATION_LEVEL = "-O"; DEBUG_INFORMATION_FORMAT = "dwarf-with-dsym"; }; name = Release;};
F37922C48DA5978D02C9E50E = {isa = XCConfigurationList; buildConfigurations = (E9B2E96ABC5F6856F2BE79CF,5A8C91857F674E16E2724F47,); defaultConfigurationIsVisible = 0; defaultConfigurationName = Release;};
FCEC940375E41513E5F12B9E = {isa = XCBuildConfiguration; buildSettings = {PRODUCT_BUNDLE_IDENTIFIER = "com.okanetsolutions.briareus"; PRODUCT_NAME = "Briareus"; SDKROOT = "macosx"; SUPPORTED_PLATFORMS = "macosx"; INFOPLIST_FILE = "Mac/Info.plist"; CODE_SIGN_ENTITLEMENTS = "Mac/Briareus.entitlements"; CODE_SIGN_STYLE = "Automatic"; DEVELOPMENT_TEAM = "WG98W262CP"; MARKETING_VERSION = "1.0"; CURRENT_PROJECT_VERSION = "1"; ASSETCATALOG_COMPILER_APPICON_NAME = "AppIcon"; ENABLE_HARDENED_RUNTIME = "YES"; COMBINE_HIDPI_IMAGES = "YES"; LD_RUNPATH_SEARCH_PATHS = "$(inherited) @executable_path/../Frameworks"; SWIFT_OPTIMIZATION_LEVEL = "-Onone"; DEBUG_INFORMATION_FORMAT = "dwarf"; ENABLE_TESTABILITY = "YES"; SWIFT_ACTIVE_COMPILATION_CONDITIONS = "DEBUG"; }; name = Debug;};
1109CF6EAE1A139E1319B4A7 = {isa = XCBuildConfiguration; buildSettings = {PRODUCT_BUNDLE_IDENTIFIER = "com.okanetsolutions.briareus"; PRODUCT_NAME = "Briareus"; SDKROOT = "macosx"; SUPPORTED_PLATFORMS = "macosx"; INFOPLIST_FILE = "Mac/Info.plist"; CODE_SIGN_ENTITLEMENTS = "Mac/Briareus.entitlements"; CODE_SIGN_STYLE = "Automatic"; DEVELOPMENT_TEAM = "WG98W262CP"; MARKETING_VERSION = "1.0"; CURRENT_PROJECT_VERSION = "1"; ASSETCATALOG_COMPILER_APPICON_NAME = "AppIcon"; ENABLE_HARDENED_RUNTIME = "YES"; COMBINE_HIDPI_IMAGES = "YES"; LD_RUNPATH_SEARCH_PATHS = "$(inherited) @executable_path/../Frameworks"; SWIFT_OPTIMIZATION_LEVEL = "-O"; DEBUG_INFORMATION_FORMAT = "dwarf-with-dsym"; }; name = Release;};
B42433DBF72A822F58D72E7C = {isa = XCConfigurationList; buildConfigurations = (FCEC940375E41513E5F12B9E,1109CF6EAE1A139E1319B4A7,); defaultConfigurationIsVisible = 0; defaultConfigurationName = Release;};
0F3D67935A4F199E058A017A = {isa = XCBuildConfiguration; buildSettings = {PRODUCT_BUNDLE_IDENTIFIER = "com.okanetsolutions.briareus.uitests"; PRODUCT_NAME = "BriareusUITests"; GENERATE_INFOPLIST_FILE = "YES"; TEST_TARGET_NAME = "Briareus"; TARGETED_DEVICE_FAMILY = "1,2"; SUPPORTED_PLATFORMS = "iphoneos iphonesimulator"; CODE_SIGN_STYLE = "Automatic"; DEVELOPMENT_TEAM = "WG98W262CP"; LD_RUNPATH_SEARCH_PATHS = "$(inherited) @executable_path/Frameworks @loader_path/Frameworks"; SWIFT_OPTIMIZATION_LEVEL = "-Onone"; DEBUG_INFORMATION_FORMAT = "dwarf"; ENABLE_TESTABILITY = "YES"; SWIFT_ACTIVE_COMPILATION_CONDITIONS = "DEBUG"; }; name = Debug;};
20B70E15FDC36C625E57F658 = {isa = XCBuildConfiguration; buildSettings = {PRODUCT_BUNDLE_IDENTIFIER = "com.okanetsolutions.briareus.uitests"; PRODUCT_NAME = "BriareusUITests"; GENERATE_INFOPLIST_FILE = "YES"; TEST_TARGET_NAME = "Briareus"; TARGETED_DEVICE_FAMILY = "1,2"; SUPPORTED_PLATFORMS = "iphoneos iphonesimulator"; CODE_SIGN_STYLE = "Automatic"; DEVELOPMENT_TEAM = "WG98W262CP"; LD_RUNPATH_SEARCH_PATHS = "$(inherited) @executable_path/Frameworks @loader_path/Frameworks"; SWIFT_OPTIMIZATION_LEVEL = "-O"; DEBUG_INFORMATION_FORMAT = "dwarf-with-dsym"; }; name = Release;};
61AF5D6BEA2D148C6F2833BF = {isa = XCConfigurationList; buildConfigurations = (0F3D67935A4F199E058A017A,20B70E15FDC36C625E57F658,); defaultConfigurationIsVisible = 0; defaultConfigurationName = Release;};
971ED9D05B25DB6C4D7680D4 = {isa = PBXSourcesBuildPhase; buildActionMask = 2147483647; files = (6EAD86358CEBDABABC8D8984,4A6A0EC9798C549C3AF19484,2B51E6508031477F65CBA677,C3B954274D6E48659F9D6BE2,99D0BAB16BE0CF14BD1C4EB1,F1924C8729C3C910EC24FF8D,D7CCA718DAD1EA8D1C2D4878,9616F64785553F03DB8B9DFB,E950EB05F76B21FAB1FEC91A,6669D82276C0AD8890F11852,F1E02D7048290481CA4F915B,DB44D8528EDDAD360EE0D91C,D3E13E240CDC98EBDAE58B99,20DF96B070B7B9363F4977DB,AC2E9DFC9704AED57AD2AC32,2F51F3C7EDF9E2012723E4F3,5B8749248E5ACF60B398825F,95B7B45C55EF390ED2388987,C7DEE60886A2DB0ADCB0216A,A76BE86431D9E765E0A49AE8,1E7453957716F128EF05D079,B375743C0272B29BE43130BD,2CAE587A4704CF14302D4F35,853532FAAB1672CF24E2737D,E015E5CDC9677EF88A240670,); runOnlyForDeploymentPostprocessing = 0;};
78AE8C6BEB2A40A6D824CCEE = {isa = PBXFrameworksBuildPhase; buildActionMask = 2147483647; files = (); runOnlyForDeploymentPostprocessing = 0;};
364863F9F2E558B0F50473FC = {isa = PBXResourcesBuildPhase; buildActionMask = 2147483647; files = (F393B25561589E45A7A55E69,168227E37D04E2910FDCA52B,); runOnlyForDeploymentPostprocessing = 0;};
C13732C8E715C9BEE4FA51C9 = {isa = PBXNativeTarget; buildConfigurationList = F37922C48DA5978D02C9E50E; buildPhases = (971ED9D05B25DB6C4D7680D4,78AE8C6BEB2A40A6D824CCEE,364863F9F2E558B0F50473FC,); buildRules = (); dependencies = (); name = Briareus; productName = Briareus; productReference = 8BCD5BC4CDFDF0918087C782; productType = "com.apple.product-type.application";};
3375EA04324642D337D927D6 = {isa = PBXSourcesBuildPhase; buildActionMask = 2147483647; files = (5F239CCC51598EFE835FBD8B,BDA367C6A9DD1BF571A9B27C,13BF32B96FDCEABAADBFE870,18BC6DFC8E71FF992324F1B7,8EA9482C1AA5A51703A0FB65,A4FD98765654E5D2738877AD,1847352401B8BC76F247C6C3,11BF29B5A272E5DA6F5CED4A,ADBD95BF8EC687AECEB722E6,4C9DDE2D4D39AD7F5A6E41D8,D6616D2EC9E2406CE3AC2FFE,883EC5FAEA6A496BA489068A,8FC54FA12B5E40AE1F20EE28,9E1E482EC230CAE42C7080B9,A960B7900E36FEE986826D8A,E9B487F818811AF3C040E14A,AB4532540A468A146E063522,29227A9035B2B99017786B96,22F907174BD08F7983FCB042,0C92FC9934C6CC6EC9F55E9D,896BD3DC2A2A5284325FF5ED,99C21744422D6E290F592A70,A3CF1B073C643726A536351A,8A7140FACA13CA91EE54B61C,36BE0D77C4DCD7791BDAF9AC,365E0EB1107633D341CDF596,9EF84EFDFF5CBBF4D6D51504,9828E4BD38F2099156959061,2B1DAAFE69AB20AA026D73C4,DF627B8AC3A254551B90A3F3,1D28566F47C08D772CE9B93E,84F00AE976C2DD35D755E749,E193B6B56F968BCB83D924F0,43E29B094AECE39EE2DDCC42,A4BCE2CD327887EC0D25B276,32BEF2FD5FD6BAADD1DFE21D,6B0E6D86C5981ACD4F67ED9E,9204B07ECE6C74B728235EFA,243A63DB95F4ABC3A516A704,9876CACC9274D23079320869,D766D0581ECD32E30C9E894F,7CBA75378760B94E663D53CB,E180BF90A316A44E7A60AC94,694E81B9C4831A353E52456C,660006676A5A28653015FFF8,6F89CA09EAABFCA7ABEEF823,BCC71EFC7B7FCF8F895FDE8D,28CCC60B86A675AB2BA659BA,D2CB644BA42A63F88880E1F8,C203AD1F47E25C42FCE64A7B,8645E0943FD6310F266D53B1,8C30D347D40FE502E7A08743,C645539ADD84B7C61F94AA79,7EE55E592D62AE0AD47FBEC8,63CB3F4F767C3E42505703D7,E2A5CAB9A3F5541203A90EEA,A480A57A43F08072EF03EA36,B6ED2B2875B09690DC1BC93D,709DF7C2FBE3903759B2E53F,CCFBC2538518C5C23A2985EE,7573BFED7F1EA3C47C4982C1,550D208F811913D11A1E31DA,91D4E7A07BD576E0714A6538,84EF6DE18D0125C21B0CBA80,5B4704415AD544DE7B6E4EE7,EEA48C4451FC59243BB5791E,5B1E750E8372797488F5D479,2944DD6754C950119B12AE23,ED7E217BA13DEBE65A118779,D2272AD01C96F6B8A2AFECDB,2562DB66F3E55D1D10A03AA8,7111D3AABBC9F79793619433,5207647628F08CB3C94FFDD0,153819B980B9664248790E5D,); runOnlyForDeploymentPostprocessing = 0;};
2A8C225853EEDD85673D1D85 = {isa = PBXFrameworksBuildPhase; buildActionMask = 2147483647; files = (); runOnlyForDeploymentPostprocessing = 0;};
29FFF143ECDD60E83EF9035A = {isa = PBXResourcesBuildPhase; buildActionMask = 2147483647; files = (B419703F733556E2F0430164,); runOnlyForDeploymentPostprocessing = 0;};
CA89A484BCBA566AA1A41918 = {isa = PBXNativeTarget; buildConfigurationList = B42433DBF72A822F58D72E7C; buildPhases = (3375EA04324642D337D927D6,2A8C225853EEDD85673D1D85,29FFF143ECDD60E83EF9035A,); buildRules = (); dependencies = (); name = "Briareus Mac"; productName = Briareus; productReference = 05AF44820469D6A5F714535F; productType = "com.apple.product-type.application";};
D799BAE6088A90139B415FCC = {isa = PBXContainerItemProxy; containerPortal = 98F54143AB4E86B28C3AFEE0; proxyType = 1; remoteGlobalIDString = C13732C8E715C9BEE4FA51C9; remoteInfo = Briareus;};
E9FAD0C6CD43534327C0AF90 = {isa = PBXTargetDependency; target = C13732C8E715C9BEE4FA51C9; targetProxy = D799BAE6088A90139B415FCC;};
6E431EB0650617AA1756B320 = {isa = PBXSourcesBuildPhase; buildActionMask = 2147483647; files = (87E08AD776435B6EEFC01FBA,); runOnlyForDeploymentPostprocessing = 0;};
1ABF84E55BD30AC2CEF8FC42 = {isa = PBXFrameworksBuildPhase; buildActionMask = 2147483647; files = (); runOnlyForDeploymentPostprocessing = 0;};
7DED7670B79BEA8B7480B1FC = {isa = PBXResourcesBuildPhase; buildActionMask = 2147483647; files = (); runOnlyForDeploymentPostprocessing = 0;};
64BCB755386F844C96A2A5B0 = {isa = PBXNativeTarget; buildConfigurationList = 61AF5D6BEA2D148C6F2833BF; buildPhases = (6E431EB0650617AA1756B320,1ABF84E55BD30AC2CEF8FC42,7DED7670B79BEA8B7480B1FC,); buildRules = (); dependencies = (E9FAD0C6CD43534327C0AF90,); name = BriareusUITests; productName = BriareusUITests; productReference = F219C0274590DA45E4BEF1EA; productType = "com.apple.product-type.bundle.ui-testing";};
98F54143AB4E86B28C3AFEE0 = {isa = PBXProject; attributes = {LastUpgradeCheck = 1600; TargetAttributes = {C13732C8E715C9BEE4FA51C9 = {CreatedOnToolsVersion = 16.0;}; CA89A484BCBA566AA1A41918 = {CreatedOnToolsVersion = 16.0;}; 64BCB755386F844C96A2A5B0 = {CreatedOnToolsVersion = 16.0; TestTargetID = C13732C8E715C9BEE4FA51C9;};};}; buildConfigurationList = 862894B703A6DEDF96A9DD6C; compatibilityVersion = "Xcode 14.0"; developmentRegion = en; hasScannedForEncodings = 0; knownRegions = (en, Base,); mainGroup = B28B7AF69320201D1CF206EB; productRefGroup = FE0A091FDBFB3E9C31B7A1BD; projectDirPath = ""; projectRoot = ""; targets = (C13732C8E715C9BEE4FA51C9,CA89A484BCBA566AA1A41918,64BCB755386F844C96A2A5B0,);};
}; rootObject = 98F54143AB4E86B28C3AFEE0; }
