// !$*UTF8*$!
{ archiveVersion = 1; classes = {}; objectVersion = 56; objects = {
ECA5347A29DAE2C209743C75 = {isa = PBXFileReference; lastKnownFileType = "sourcecode.swift"; path = "App/AppStore.swift"; sourceTree = SOURCE_ROOT;};
6EAD86358CEBDABABC8D8984 = {isa = PBXBuildFile; fileRef = ECA5347A29DAE2C209743C75;};
50865DAD8F79CFB4321C5B77 = {isa = PBXFileReference; lastKnownFileType = "sourcecode.swift"; path = "App/BoardViews.swift"; sourceTree = SOURCE_ROOT;};
4A6A0EC9798C549C3AF19484 = {isa = PBXBuildFile; fileRef = 50865DAD8F79CFB4321C5B77;};
0CBA4E83E05178C1AAA168E0 = {isa = PBXFileReference; lastKnownFileType = "sourcecode.swift"; path = "App/BriareusApp.swift"; sourceTree = SOURCE_ROOT;};
2B51E6508031477F65CBA677 = {isa = PBXBuildFile; fileRef = 0CBA4E83E05178C1AAA168E0;};
9C0953A02C87FA23380568A8 = {isa = PBXFileReference; lastKnownFileType = "sourcecode.swift"; path = "App/ConversationView.swift"; sourceTree = SOURCE_ROOT;};
D7CCA718DAD1EA8D1C2D4878 = {isa = PBXBuildFile; fileRef = 9C0953A02C87FA23380568A8;};
513E834BAE1DFACC788E65AE = {isa = PBXFileReference; lastKnownFileType = "sourcecode.swift"; path = "App/FindingsTriageCard.swift"; sourceTree = SOURCE_ROOT;};
9616F64785553F03DB8B9DFB = {isa = PBXBuildFile; fileRef = 513E834BAE1DFACC788E65AE;};
A2CDD2B51B9CC7AF9D7B2D55 = {isa = PBXFileReference; lastKnownFileType = "text.plist.xml"; path = "App/Info.plist"; sourceTree = SOURCE_ROOT;};
EC4D5E496768972CF3D163AF = {isa = PBXFileReference; lastKnownFileType = "sourcecode.swift"; path = "App/Keychain.swift"; sourceTree = SOURCE_ROOT;};
6669D82276C0AD8890F11852 = {isa = PBXBuildFile; fileRef = EC4D5E496768972CF3D163AF;};
CFE0EB6E4BB63A7D0998194B = {isa = PBXFileReference; lastKnownFileType = "text.xml"; path = "App/PrivacyInfo.xcprivacy"; sourceTree = SOURCE_ROOT;};
F393B25561589E45A7A55E69 = {isa = PBXBuildFile; fileRef = CFE0EB6E4BB63A7D0998194B;};
DA1C448A6F43091222C06176 = {isa = PBXFileReference; lastKnownFileType = "sourcecode.swift"; path = "App/ProjectsView.swift"; sourceTree = SOURCE_ROOT;};
D3E13E240CDC98EBDAE58B99 = {isa = PBXBuildFile; fileRef = DA1C448A6F43091222C06176;};
5BE6CB0E6038944A8F26AD30 = {isa = PBXFileReference; lastKnownFileType = "sourcecode.swift"; path = "App/PullFilesView.swift"; sourceTree = SOURCE_ROOT;};
20DF96B070B7B9363F4977DB = {isa = PBXBuildFile; fileRef = 5BE6CB0E6038944A8F26AD30;};
3A51973C02C447E6A4A58D75 = {isa = PBXFileReference; lastKnownFileType = "sourcecode.swift"; path = "App/PullsView.swift"; sourceTree = SOURCE_ROOT;};
AC2E9DFC9704AED57AD2AC32 = {isa = PBXBuildFile; fileRef = 3A51973C02C447E6A4A58D75;};
B47186EA2DCA5EBF3BF10F0F = {isa = PBXFileReference; lastKnownFileType = "sourcecode.swift"; path = "App/SplitLayout.swift"; sourceTree = SOURCE_ROOT;};
2F51F3C7EDF9E2012723E4F3 = {isa = PBXBuildFile; fileRef = B47186EA2DCA5EBF3BF10F0F;};
75977628ED8743B860B66DA4 = {isa = PBXFileReference; lastKnownFileType = "sourcecode.swift"; path = "App/Theme.swift"; sourceTree = SOURCE_ROOT;};
5B8749248E5ACF60B398825F = {isa = PBXBuildFile; fileRef = 75977628ED8743B860B66DA4;};
33633D7EDC9237BCC6D57F57 = {isa = PBXFileReference; lastKnownFileType = "sourcecode.swift"; path = "App/VoiceNote.swift"; sourceTree = SOURCE_ROOT;};
95B7B45C55EF390ED2388987 = {isa = PBXBuildFile; fileRef = 33633D7EDC9237BCC6D57F57;};
E0C46FC9C6960273B8657C66 = {isa = PBXFileReference; lastKnownFileType = folder.assetcatalog; path = "App/Assets.xcassets"; sourceTree = SOURCE_ROOT;};
168227E37D04E2910FDCA52B = {isa = PBXBuildFile; fileRef = E0C46FC9C6960273B8657C66;};
FC4A695F02A8A53A129DCB9A = {isa = PBXGroup; children = (ECA5347A29DAE2C209743C75,50865DAD8F79CFB4321C5B77,0CBA4E83E05178C1AAA168E0,9C0953A02C87FA23380568A8,513E834BAE1DFACC788E65AE,A2CDD2B51B9CC7AF9D7B2D55,EC4D5E496768972CF3D163AF,CFE0EB6E4BB63A7D0998194B,DA1C448A6F43091222C06176,5BE6CB0E6038944A8F26AD30,3A51973C02C447E6A4A58D75,B47186EA2DCA5EBF3BF10F0F,75977628ED8743B860B66DA4,33633D7EDC9237BCC6D57F57,E0C46FC9C6960273B8657C66,); name = "App"; sourceTree = "<group>";};
8676447BECB46AA1E6ED11DA = {isa = PBXFileReference; lastKnownFileType = "sourcecode.swift"; path = "Core/APIClient.swift"; sourceTree = SOURCE_ROOT;};
C7DEE60886A2DB0ADCB0216A = {isa = PBXBuildFile; fileRef = 8676447BECB46AA1E6ED11DA;};
01F285D2D5759668B3531323 = {isa = PBXFileReference; lastKnownFileType = "sourcecode.swift"; path = "Core/Board.swift"; sourceTree = SOURCE_ROOT;};
A76BE86431D9E765E0A49AE8 = {isa = PBXBuildFile; fileRef = 01F285D2D5759668B3531323;};
0969B58FBA65C906E680C259 = {isa = PBXFileReference; lastKnownFileType = "sourcecode.swift"; path = "Core/Cache.swift"; sourceTree = SOURCE_ROOT;};
1E7453957716F128EF05D079 = {isa = PBXBuildFile; fileRef = 0969B58FBA65C906E680C259;};
BA0847D5F7EEB62FC88AE7A3 = {isa = PBXFileReference; lastKnownFileType = "sourcecode.swift"; path = "Core/Diff.swift"; sourceTree = SOURCE_ROOT;};
2CAE587A4704CF14302D4F35 = {isa = PBXBuildFile; fileRef = BA0847D5F7EEB62FC88AE7A3;};
4F82713D2CC8CB606D718ED2 = {isa = PBXFileReference; lastKnownFileType = "sourcecode.swift"; path = "Core/Markdown.swift"; sourceTree = SOURCE_ROOT;};
853532FAAB1672CF24E2737D = {isa = PBXBuildFile; fileRef = 4F82713D2CC8CB606D718ED2;};
794CDC2D1145E96C6B308B68 = {isa = PBXFileReference; lastKnownFileType = "sourcecode.swift"; path = "Core/Models.swift"; sourceTree = SOURCE_ROOT;};
E015E5CDC9677EF88A240670 = {isa = PBXBuildFile; fileRef = 794CDC2D1145E96C6B308B68;};
68836C550EE20FAE0E06B299 = {isa = PBXGroup; children = (8676447BECB46AA1E6ED11DA,01F285D2D5759668B3531323,0969B58FBA65C906E680C259,BA0847D5F7EEB62FC88AE7A3,4F82713D2CC8CB606D718ED2,794CDC2D1145E96C6B308B68,); name = "Core"; sourceTree = "<group>";};
9BF969DB2F2A47868B677517 = {isa = PBXFileReference; lastKnownFileType = "sourcecode.swift"; path = "UITests/PairingTests.swift"; sourceTree = SOURCE_ROOT;};
87E08AD776435B6EEFC01FBA = {isa = PBXBuildFile; fileRef = 9BF969DB2F2A47868B677517;};
8D5093D2C263EEDEAE2010BE = {isa = PBXGroup; children = (9BF969DB2F2A47868B677517,); name = "UITests"; sourceTree = "<group>";};
8BCD5BC4CDFDF0918087C782 = {isa = PBXFileReference; explicitFileType = wrapper.application; path = Briareus.app; sourceTree = BUILT_PRODUCTS_DIR;};
F219C0274590DA45E4BEF1EA = {isa = PBXFileReference; explicitFileType = wrapper.cfbundle; path = BriareusUITests.xctest; sourceTree = BUILT_PRODUCTS_DIR;};
FE0A091FDBFB3E9C31B7A1BD = {isa = PBXGroup; children = (8BCD5BC4CDFDF0918087C782,F219C0274590DA45E4BEF1EA,); name = Products; sourceTree = "<group>";};
B28B7AF69320201D1CF206EB = {isa = PBXGroup; children = (FC4A695F02A8A53A129DCB9A,68836C550EE20FAE0E06B299,8D5093D2C263EEDEAE2010BE,FE0A091FDBFB3E9C31B7A1BD,); sourceTree = "<group>";};
89E1FD6268CC0F221A2BE178 = {isa = XCBuildConfiguration; buildSettings = {IPHONEOS_DEPLOYMENT_TARGET = "17.0"; SDKROOT = "iphoneos"; SWIFT_VERSION = "5.0"; CLANG_ENABLE_MODULES = "YES"; CLANG_ENABLE_OBJC_ARC = "YES"; ENABLE_USER_SCRIPT_SANDBOXING = "YES"; GCC_C_LANGUAGE_STANDARD = "gnu17"; SWIFT_OPTIMIZATION_LEVEL = "-Onone"; DEBUG_INFORMATION_FORMAT = "dwarf"; ENABLE_TESTABILITY = "YES"; SWIFT_ACTIVE_COMPILATION_CONDITIONS = "DEBUG"; }; name = Debug;};
E6DE6C99132752C914FEF632 = {isa = XCBuildConfiguration; buildSettings = {IPHONEOS_DEPLOYMENT_TARGET = "17.0"; SDKROOT = "iphoneos"; SWIFT_VERSION = "5.0"; CLANG_ENABLE_MODULES = "YES"; CLANG_ENABLE_OBJC_ARC = "YES"; ENABLE_USER_SCRIPT_SANDBOXING = "YES"; GCC_C_LANGUAGE_STANDARD = "gnu17"; SWIFT_OPTIMIZATION_LEVEL = "-O"; DEBUG_INFORMATION_FORMAT = "dwarf-with-dsym"; }; name = Release;};
862894B703A6DEDF96A9DD6C = {isa = XCConfigurationList; buildConfigurations = (89E1FD6268CC0F221A2BE178,E6DE6C99132752C914FEF632,); defaultConfigurationIsVisible = 0; defaultConfigurationName = Release;};
E9B2E96ABC5F6856F2BE79CF = {isa = XCBuildConfiguration; buildSettings = {PRODUCT_BUNDLE_IDENTIFIER = "com.okanetsolutions.briareus"; PRODUCT_NAME = "Briareus"; INFOPLIST_FILE = "App/Info.plist"; TARGETED_DEVICE_FAMILY = "1,2"; SUPPORTED_PLATFORMS = "iphoneos iphonesimulator"; CODE_SIGN_STYLE = "Automatic"; DEVELOPMENT_TEAM = "WG98W262CP"; MARKETING_VERSION = "1.0"; CURRENT_PROJECT_VERSION = "1"; ASSETCATALOG_COMPILER_APPICON_NAME = "AppIcon"; LD_RUNPATH_SEARCH_PATHS = "$(inherited) @executable_path/Frameworks"; SWIFT_OPTIMIZATION_LEVEL = "-Onone"; DEBUG_INFORMATION_FORMAT = "dwarf"; ENABLE_TESTABILITY = "YES"; SWIFT_ACTIVE_COMPILATION_CONDITIONS = "DEBUG"; }; name = Debug;};
5A8C91857F674E16E2724F47 = {isa = XCBuildConfiguration; buildSettings = {PRODUCT_BUNDLE_IDENTIFIER = "com.okanetsolutions.briareus"; PRODUCT_NAME = "Briareus"; INFOPLIST_FILE = "App/Info.plist"; TARGETED_DEVICE_FAMILY = "1,2"; SUPPORTED_PLATFORMS = "iphoneos iphonesimulator"; CODE_SIGN_STYLE = "Automatic"; DEVELOPMENT_TEAM = "WG98W262CP"; MARKETING_VERSION = "1.0"; CURRENT_PROJECT_VERSION = "1"; ASSETCATALOG_COMPILER_APPICON_NAME = "AppIcon"; LD_RUNPATH_SEARCH_PATHS = "$(inherited) @executable_path/Frameworks"; SWIFT_OPTIMIZATION_LEVEL = "-O"; DEBUG_INFORMATION_FORMAT = "dwarf-with-dsym"; }; name = Release;};
F37922C48DA5978D02C9E50E = {isa = XCConfigurationList; buildConfigurations = (E9B2E96ABC5F6856F2BE79CF,5A8C91857F674E16E2724F47,); defaultConfigurationIsVisible = 0; defaultConfigurationName = Release;};
0F3D67935A4F199E058A017A = {isa = XCBuildConfiguration; buildSettings = {PRODUCT_BUNDLE_IDENTIFIER = "com.okanetsolutions.briareus.uitests"; PRODUCT_NAME = "BriareusUITests"; GENERATE_INFOPLIST_FILE = "YES"; TEST_TARGET_NAME = "Briareus"; TARGETED_DEVICE_FAMILY = "1,2"; CODE_SIGN_STYLE = "Automatic"; DEVELOPMENT_TEAM = "WG98W262CP"; LD_RUNPATH_SEARCH_PATHS = "$(inherited) @executable_path/Frameworks @loader_path/Frameworks"; SWIFT_OPTIMIZATION_LEVEL = "-Onone"; DEBUG_INFORMATION_FORMAT = "dwarf"; ENABLE_TESTABILITY = "YES"; SWIFT_ACTIVE_COMPILATION_CONDITIONS = "DEBUG"; }; name = Debug;};
20B70E15FDC36C625E57F658 = {isa = XCBuildConfiguration; buildSettings = {PRODUCT_BUNDLE_IDENTIFIER = "com.okanetsolutions.briareus.uitests"; PRODUCT_NAME = "BriareusUITests"; GENERATE_INFOPLIST_FILE = "YES"; TEST_TARGET_NAME = "Briareus"; TARGETED_DEVICE_FAMILY = "1,2"; CODE_SIGN_STYLE = "Automatic"; DEVELOPMENT_TEAM = "WG98W262CP"; LD_RUNPATH_SEARCH_PATHS = "$(inherited) @executable_path/Frameworks @loader_path/Frameworks"; SWIFT_OPTIMIZATION_LEVEL = "-O"; DEBUG_INFORMATION_FORMAT = "dwarf-with-dsym"; }; name = Release;};
61AF5D6BEA2D148C6F2833BF = {isa = XCConfigurationList; buildConfigurations = (0F3D67935A4F199E058A017A,20B70E15FDC36C625E57F658,); defaultConfigurationIsVisible = 0; defaultConfigurationName = Release;};
971ED9D05B25DB6C4D7680D4 = {isa = PBXSourcesBuildPhase; buildActionMask = 2147483647; files = (6EAD86358CEBDABABC8D8984,4A6A0EC9798C549C3AF19484,2B51E6508031477F65CBA677,D7CCA718DAD1EA8D1C2D4878,9616F64785553F03DB8B9DFB,6669D82276C0AD8890F11852,D3E13E240CDC98EBDAE58B99,20DF96B070B7B9363F4977DB,AC2E9DFC9704AED57AD2AC32,2F51F3C7EDF9E2012723E4F3,5B8749248E5ACF60B398825F,95B7B45C55EF390ED2388987,C7DEE60886A2DB0ADCB0216A,A76BE86431D9E765E0A49AE8,1E7453957716F128EF05D079,2CAE587A4704CF14302D4F35,853532FAAB1672CF24E2737D,E015E5CDC9677EF88A240670,); runOnlyForDeploymentPostprocessing = 0;};
78AE8C6BEB2A40A6D824CCEE = {isa = PBXFrameworksBuildPhase; buildActionMask = 2147483647; files = (); runOnlyForDeploymentPostprocessing = 0;};
364863F9F2E558B0F50473FC = {isa = PBXResourcesBuildPhase; buildActionMask = 2147483647; files = (F393B25561589E45A7A55E69,168227E37D04E2910FDCA52B,); runOnlyForDeploymentPostprocessing = 0;};
C13732C8E715C9BEE4FA51C9 = {isa = PBXNativeTarget; buildConfigurationList = F37922C48DA5978D02C9E50E; buildPhases = (971ED9D05B25DB6C4D7680D4,78AE8C6BEB2A40A6D824CCEE,364863F9F2E558B0F50473FC,); buildRules = (); dependencies = (); name = Briareus; productName = Briareus; productReference = 8BCD5BC4CDFDF0918087C782; productType = "com.apple.product-type.application";};
D799BAE6088A90139B415FCC = {isa = PBXContainerItemProxy; containerPortal = 98F54143AB4E86B28C3AFEE0; proxyType = 1; remoteGlobalIDString = C13732C8E715C9BEE4FA51C9; remoteInfo = Briareus;};
E9FAD0C6CD43534327C0AF90 = {isa = PBXTargetDependency; target = C13732C8E715C9BEE4FA51C9; targetProxy = D799BAE6088A90139B415FCC;};
6E431EB0650617AA1756B320 = {isa = PBXSourcesBuildPhase; buildActionMask = 2147483647; files = (87E08AD776435B6EEFC01FBA,); runOnlyForDeploymentPostprocessing = 0;};
1ABF84E55BD30AC2CEF8FC42 = {isa = PBXFrameworksBuildPhase; buildActionMask = 2147483647; files = (); runOnlyForDeploymentPostprocessing = 0;};
7DED7670B79BEA8B7480B1FC = {isa = PBXResourcesBuildPhase; buildActionMask = 2147483647; files = (); runOnlyForDeploymentPostprocessing = 0;};
64BCB755386F844C96A2A5B0 = {isa = PBXNativeTarget; buildConfigurationList = 61AF5D6BEA2D148C6F2833BF; buildPhases = (6E431EB0650617AA1756B320,1ABF84E55BD30AC2CEF8FC42,7DED7670B79BEA8B7480B1FC,); buildRules = (); dependencies = (E9FAD0C6CD43534327C0AF90,); name = BriareusUITests; productName = BriareusUITests; productReference = F219C0274590DA45E4BEF1EA; productType = "com.apple.product-type.bundle.ui-testing";};
98F54143AB4E86B28C3AFEE0 = {isa = PBXProject; attributes = {LastUpgradeCheck = 1600; TargetAttributes = {C13732C8E715C9BEE4FA51C9 = {CreatedOnToolsVersion = 16.0;}; 64BCB755386F844C96A2A5B0 = {CreatedOnToolsVersion = 16.0; TestTargetID = C13732C8E715C9BEE4FA51C9;};};}; buildConfigurationList = 862894B703A6DEDF96A9DD6C; compatibilityVersion = "Xcode 14.0"; developmentRegion = en; hasScannedForEncodings = 0; knownRegions = (en, Base,); mainGroup = B28B7AF69320201D1CF206EB; productRefGroup = FE0A091FDBFB3E9C31B7A1BD; projectDirPath = ""; projectRoot = ""; targets = (C13732C8E715C9BEE4FA51C9,64BCB755386F844C96A2A5B0,);};
}; rootObject = 98F54143AB4E86B28C3AFEE0; }
